
Microsoft Visual Studio Solution File, Format Version 12.00
# Visual Studio Version 17
VisualStudioVersion = 17.5.33516.290
MinimumVisualStudioVersion = 10.0.40219.1
Project("{FAE04EC0-301F-11D3-BF4B-00C04F79EFBC}") = "VCSK Project", "VCSK Project\VCSK Project.csproj", "{1DBE0DFE-6331-4296-993B-71A62AB395CA}"
EndProject
Global
	GlobalSection(SolutionConfigurationPlatforms) = preSolution
		Debug|Any CPU = Debug|Any CPU
		Release|Any CPU = Release|Any CPU
	EndGlobalSection
	GlobalSection(ProjectConfigurationPlatforms) = postSolution
		{1DBE0DFE-6331-4296-993B-71A62AB395CA}.Debug|Any CPU.ActiveCfg = Debug|Any CPU
		{1DBE0DFE-6331-4296-993B-71A62AB395CA}.Debug|Any CPU.Build.0 = Debug|Any CPU
		{1DBE0DFE-6331-4296-993B-71A62AB395CA}.Release|Any CPU.ActiveCfg = Release|Any CPU
		{1DBE0DFE-6331-4296-993B-71A62AB395CA}.Release|Any CPU.Build.0 = Release|Any CPU
	EndGlobalSection
	GlobalSection(SolutionProperties) = preSolution
		HideSolutionNode = FALSE
	EndGlobalSection
	GlobalSection(ExtensibilityGlobals) = postSolution
		SolutionGuid = {C3747939-B9D7-4DD9-8930-4C68AD2DCCA6}
	EndGlobalSection
EndGlobal
